// !$*UTF8*$!
{
	archiveVersion = 1;
	classes = {
	};
	objectVersion = 56;
	objects = {

/* Begin PBXBuildFile section */
		C9A8474B29BDB06A00583D21 /* ShaderClass.cpp in Sources */ = {isa = PBXBuildFile; fileRef = C9A8474A29BDB06A00583D21 /* ShaderClass.cpp */; };
		C9A8474E29BDB4F500583D21 /* VBO.cpp in Sources */ = {isa = PBXBuildFile; fileRef = C9A8474D29BDB4F500583D21 /* VBO.cpp */; };
		C9A8475129BDB69E00583D21 /* EBO.cpp in Sources */ = {isa = PBXBuildFile; fileRef = C9A8474F29BDB69E00583D21 /* EBO.cpp */; };
		C9A8475429BDB88F00583D21 /* VAO.cpp in Sources */ = {isa = PBXBuildFile; fileRef = C9A8475229BDB88F00583D21 /* VAO.cpp */; };
		C9A8475A29BDEFC500583D21 /* stb_image.cpp in Sources */ = {isa = PBXBuildFile; fileRef = C9A8475929BDEFC500583D21 /* stb_image.cpp */; };
		C9A8477A29BE064100583D21 /* Texture.cpp in Sources */ = {isa = PBXBuildFile; fileRef = C9A8477829BE064100583D21 /* Texture.cpp */; };
		C9A8477F29BE28D900583D21 /* Camera.cpp in Sources */ = {isa = PBXBuildFile; fileRef = C9A8477D29BE28D900583D21 /* Camera.cpp */; };
		C9A9093C29B49C410068A7D6 /* main.cpp in Sources */ = {isa = PBXBuildFile; fileRef = C9A9093B29B49C410068A7D6 /* main.cpp */; };
		C9A9094429B4A2CD0068A7D6 /* OpenGL.framework in Frameworks */ = {isa = PBXBuildFile; fileRef = C9A9094329B4A2CC0068A7D6 /* OpenGL.framework */; };
		C9A9094729B4A3230068A7D6 /* libglfw.3.3.dylib in Frameworks */ = {isa = PBXBuildFile; fileRef = C9A9094629B4A3230068A7D6 /* libglfw.3.3.dylib */; };
		C9A9094C29B4AD780068A7D6 /* glad.c in Sources */ = {isa = PBXBuildFile; fileRef = C9A9094B29B4AD780068A7D6 /* glad.c */; };
/* End PBXBuildFile section */

/* Begin PBXCopyFilesBuildPhase section */
		C9A9093629B49C410068A7D6 /* CopyFiles */ = {
			isa = PBXCopyFilesBuildPhase;
			buildActionMask = 2147483647;
			dstPath = /usr/share/man/man1/;
			dstSubfolderSpec = 0;
			files = (
			);
			runOnlyForDeploymentPostprocessing = 1;
		};
/* End PBXCopyFilesBuildPhase section */

/* Begin PBXFileReference section */
		C93F516C29CCC2490008A5FD /* light.vert */ = {isa = PBXFileReference; lastKnownFileType = sourcecode.glsl; path = light.vert; sourceTree = "<group>"; };
		C93F516D29CCC25E0008A5FD /* light.frag */ = {isa = PBXFileReference; lastKnownFileType = sourcecode.glsl; path = light.frag; sourceTree = "<group>"; };
		C9A8474729BDAE9800583D21 /* default.vert */ = {isa = PBXFileReference; lastKnownFileType = sourcecode.glsl; path = default.vert; sourceTree = "<group>"; };
		C9A8474829BDAED400583D21 /* default.frag */ = {isa = PBXFileReference; lastKnownFileType = sourcecode.glsl; path = default.frag; sourceTree = "<group>"; };
		C9A8474929BDAF6F00583D21 /* ShaderClass.hpp */ = {isa = PBXFileReference; lastKnownFileType = sourcecode.cpp.h; path = ShaderClass.hpp; sourceTree = "<group>"; };
		C9A8474A29BDB06A00583D21 /* ShaderClass.cpp */ = {isa = PBXFileReference; lastKnownFileType = sourcecode.cpp.cpp; path = ShaderClass.cpp; sourceTree = "<group>"; };
		C9A8474C29BDB2EC00583D21 /* VBO.hpp */ = {isa = PBXFileReference; lastKnownFileType = sourcecode.cpp.h; path = VBO.hpp; sourceTree = "<group>"; };
		C9A8474D29BDB4F500583D21 /* VBO.cpp */ = {isa = PBXFileReference; lastKnownFileType = sourcecode.cpp.cpp; path = VBO.cpp; sourceTree = "<group>"; };
		C9A8474F29BDB69E00583D21 /* EBO.cpp */ = {isa = PBXFileReference; lastKnownFileType = sourcecode.cpp.cpp; path = EBO.cpp; sourceTree = "<group>"; };
		C9A8475029BDB69E00583D21 /* EBO.hpp */ = {isa = PBXFileReference; lastKnownFileType = sourcecode.cpp.h; path = EBO.hpp; sourceTree = "<group>"; };
		C9A8475229BDB88F00583D21 /* VAO.cpp */ = {isa = PBXFileReference; lastKnownFileType = sourcecode.cpp.cpp; path = VAO.cpp; sourceTree = "<group>"; };
		C9A8475329BDB88F00583D21 /* VAO.hpp */ = {isa = PBXFileReference; lastKnownFileType = sourcecode.cpp.h; path = VAO.hpp; sourceTree = "<group>"; };
		C9A8475529BDCB4B00583D21 /* OpenGLPractice.entitlements */ = {isa = PBXFileReference; lastKnownFileType = text.plist.entitlements; path = OpenGLPractice.entitlements; sourceTree = "<group>"; };
		C9A8475629BDCB9500583D21 /* OpenGLPracticeDebug.entitlements */ = {isa = PBXFileReference; lastKnownFileType = text.plist.entitlements; path = OpenGLPracticeDebug.entitlements; sourceTree = "<group>"; };
		C9A8475829BDEF6B00583D21 /* stb_image.h */ = {isa = PBXFileReference; lastKnownFileType = sourcecode.c.h; path = stb_image.h; sourceTree = "<group>"; };
		C9A8475929BDEFC500583D21 /* stb_image.cpp */ = {isa = PBXFileReference; lastKnownFileType = sourcecode.cpp.cpp; path = stb_image.cpp; sourceTree = "<group>"; };
		C9A8477629BDFD8300583D21 /* felix.png */ = {isa = PBXFileReference; lastKnownFileType = image.png; path = felix.png; sourceTree = "<group>"; };
		C9A8477729BDFD8300583D21 /* felix.jpeg */ = {isa = PBXFileReference; lastKnownFileType = image.jpeg; path = felix.jpeg; sourceTree = "<group>"; };
		C9A8477829BE064100583D21 /* Texture.cpp */ = {isa = PBXFileReference; lastKnownFileType = sourcecode.cpp.cpp; path = Texture.cpp; sourceTree = "<group>"; };
		C9A8477929BE064100583D21 /* Texture.hpp */ = {isa = PBXFileReference; lastKnownFileType = sourcecode.cpp.h; path = Texture.hpp; sourceTree = "<group>"; };
		C9A8477B29BE182800583D21 /* include */ = {isa = PBXFileReference; lastKnownFileType = folder; name = include; path = ../../../../../../usr/local/Cellar/glm/0.9.9.8/include; sourceTree = "<group>"; };
		C9A8477C29BE185200583D21 /* glm */ = {isa = PBXFileReference; lastKnownFileType = folder; name = glm; path = ../../../../../../usr/local/Cellar/glm/0.9.9.8/include/glm; sourceTree = "<group>"; };
		C9A8477D29BE28D900583D21 /* Camera.cpp */ = {isa = PBXFileReference; lastKnownFileType = sourcecode.cpp.cpp; path = Camera.cpp; sourceTree = "<group>"; };
		C9A8477E29BE28D900583D21 /* Camera.hpp */ = {isa = PBXFileReference; lastKnownFileType = sourcecode.cpp.h; path = Camera.hpp; sourceTree = "<group>"; };
		C9A9093829B49C410068A7D6 /* Practice 02 */ = {isa = PBXFileReference; explicitFileType = "compiled.mach-o.executable"; includeInIndex = 0; path = "Practice 02"; sourceTree = BUILT_PRODUCTS_DIR; };
		C9A9093B29B49C410068A7D6 /* main.cpp */ = {isa = PBXFileReference; lastKnownFileType = sourcecode.cpp.cpp; path = main.cpp; sourceTree = "<group>"; };
		C9A9094329B4A2CC0068A7D6 /* OpenGL.framework */ = {isa = PBXFileReference; lastKnownFileType = wrapper.framework; name = OpenGL.framework; path = System/Library/Frameworks/OpenGL.framework; sourceTree = SDKROOT; };
		C9A9094529B4A2EE0068A7D6 /* glfw */ = {isa = PBXFileReference; lastKnownFileType = folder; name = glfw; path = ../../../../../../usr/local/Cellar/glfw; sourceTree = "<group>"; };
		C9A9094629B4A3230068A7D6 /* libglfw.3.3.dylib */ = {isa = PBXFileReference; lastKnownFileType = "compiled.mach-o.dylib"; name = libglfw.3.3.dylib; path = ../../../../../../usr/local/Cellar/glfw/3.3.8/lib/libglfw.3.3.dylib; sourceTree = "<group>"; };
		C9A9094B29B4AD780068A7D6 /* glad.c */ = {isa = PBXFileReference; fileEncoding = 4; lastKnownFileType = sourcecode.c.c; path = glad.c; sourceTree = "<group>"; };
		C9A9094F29B4B1750068A7D6 /* glad.h */ = {isa = PBXFileReference; fileEncoding = 4; lastKnownFileType = sourcecode.c.h; path = glad.h; sourceTree = "<group>"; };
		C9A9095029B4B1750068A7D6 /* khrplatform.h */ = {isa = PBXFileReference; fileEncoding = 4; lastKnownFileType = sourcecode.c.h; path = khrplatform.h; sourceTree = "<group>"; };
/* End PBXFileReference section */

/* Begin PBXFrameworksBuildPhase section */
		C9A9093529B49C410068A7D6 /* Frameworks */ = {
			isa = PBXFrameworksBuildPhase;
			buildActionMask = 2147483647;
			files = (
				C9A9094729B4A3230068A7D6 /* libglfw.3.3.dylib in Frameworks */,
				C9A9094429B4A2CD0068A7D6 /* OpenGL.framework in Frameworks */,
			);
			runOnlyForDeploymentPostprocessing = 0;
		};
/* End PBXFrameworksBuildPhase section */

/* Begin PBXGroup section */
		C9A8474429BDADFD00583D21 /* Sources */ = {
			isa = PBXGroup;
			children = (
				C9A8474F29BDB69E00583D21 /* EBO.cpp */,
				C9A9094B29B4AD780068A7D6 /* glad.c */,
				C9A9093B29B49C410068A7D6 /* main.cpp */,
				C9A8474A29BDB06A00583D21 /* ShaderClass.cpp */,
				C9A8475229BDB88F00583D21 /* VAO.cpp */,
				C9A8474D29BDB4F500583D21 /* VBO.cpp */,
				C9A8475929BDEFC500583D21 /* stb_image.cpp */,
				C9A8477829BE064100583D21 /* Texture.cpp */,
				C9A8477D29BE28D900583D21 /* Camera.cpp */,
			);
			name = Sources;
			sourceTree = "<group>";
		};
		C9A8474529BDAE0F00583D21 /* Header */ = {
			isa = PBXGroup;
			children = (
				C9A8477E29BE28D900583D21 /* Camera.hpp */,
				C9A8475029BDB69E00583D21 /* EBO.hpp */,
				C9A9094F29B4B1750068A7D6 /* glad.h */,
				C9A9095029B4B1750068A7D6 /* khrplatform.h */,
				C9A8474929BDAF6F00583D21 /* ShaderClass.hpp */,
				C9A8475829BDEF6B00583D21 /* stb_image.h */,
				C9A8477929BE064100583D21 /* Texture.hpp */,
				C9A8475329BDB88F00583D21 /* VAO.hpp */,
				C9A8474C29BDB2EC00583D21 /* VBO.hpp */,
			);
			name = Header;
			sourceTree = "<group>";
		};
		C9A8474629BDAE1600583D21 /* Resources */ = {
			isa = PBXGroup;
			children = (
				C9A8477529BDFD4A00583D21 /* Textures */,
				C9A8474729BDAE9800583D21 /* default.vert */,
				C9A8474829BDAED400583D21 /* default.frag */,
				C93F516C29CCC2490008A5FD /* light.vert */,
				C93F516D29CCC25E0008A5FD /* light.frag */,
			);
			name = Resources;
			sourceTree = "<group>";
		};
		C9A8477529BDFD4A00583D21 /* Textures */ = {
			isa = PBXGroup;
			children = (
				C9A8477729BDFD8300583D21 /* felix.jpeg */,
				C9A8477629BDFD8300583D21 /* felix.png */,
			);
			name = Textures;
			sourceTree = "<group>";
		};
		C9A9092F29B49C410068A7D6 = {
			isa = PBXGroup;
			children = (
				C9A9093A29B49C410068A7D6 /* Practice 02 */,
				C9A9093929B49C410068A7D6 /* Products */,
				C9A9094229B4A2C40068A7D6 /* Frameworks */,
			);
			sourceTree = "<group>";
		};
		C9A9093929B49C410068A7D6 /* Products */ = {
			isa = PBXGroup;
			children = (
				C9A9093829B49C410068A7D6 /* Practice 02 */,
			);
			name = Products;
			sourceTree = "<group>";
		};
		C9A9093A29B49C410068A7D6 /* Practice 02 */ = {
			isa = PBXGroup;
			children = (
				C9A8475529BDCB4B00583D21 /* OpenGLPractice.entitlements */,
				C9A8475629BDCB9500583D21 /* OpenGLPracticeDebug.entitlements */,
				C9A8474529BDAE0F00583D21 /* Header */,
				C9A8474629BDAE1600583D21 /* Resources */,
				C9A8474429BDADFD00583D21 /* Sources */,
			);
			path = "Practice 02";
			sourceTree = "<group>";
		};
		C9A9094229B4A2C40068A7D6 /* Frameworks */ = {
			isa = PBXGroup;
			children = (
				C9A8477C29BE185200583D21 /* glm */,
				C9A8477B29BE182800583D21 /* include */,
				C9A9094629B4A3230068A7D6 /* libglfw.3.3.dylib */,
				C9A9094529B4A2EE0068A7D6 /* glfw */,
				C9A9094329B4A2CC0068A7D6 /* OpenGL.framework */,
			);
			name = Frameworks;
			sourceTree = "<group>";
		};
/* End PBXGroup section */

/* Begin PBXNativeTarget section */
		C9A9093729B49C410068A7D6 /* Practice 02 */ = {
			isa = PBXNativeTarget;
			buildConfigurationList = C9A9093F29B49C410068A7D6 /* Build configuration list for PBXNativeTarget "Practice 02" */;
			buildPhases = (
				C9A9093429B49C410068A7D6 /* Sources */,
				C9A9093529B49C410068A7D6 /* Frameworks */,
				C9A9093629B49C410068A7D6 /* CopyFiles */,
			);
			buildRules = (
			);
			dependencies = (
			);
			name = "Practice 02";
			productName = OpenGLPractice;
			productReference = C9A9093829B49C410068A7D6 /* Practice 02 */;
			productType = "com.apple.product-type.tool";
		};
/* End PBXNativeTarget section */

/* Begin PBXProject section */
		C9A9093029B49C410068A7D6 /* Project object */ = {
			isa = PBXProject;
			attributes = {
				BuildIndependentTargetsInParallel = 1;
				LastUpgradeCheck = 1420;
				TargetAttributes = {
					C9A9093729B49C410068A7D6 = {
						CreatedOnToolsVersion = 14.2;
					};
				};
			};
			buildConfigurationList = C9A9093329B49C410068A7D6 /* Build configuration list for PBXProject "Practice 02" */;
			compatibilityVersion = "Xcode 14.0";
			developmentRegion = en;
			hasScannedForEncodings = 0;
			knownRegions = (
				en,
				Base,
			);
			mainGroup = C9A9092F29B49C410068A7D6;
			productRefGroup = C9A9093929B49C410068A7D6 /* Products */;
			projectDirPath = "";
			projectRoot = "";
			targets = (
				C9A9093729B49C410068A7D6 /* Practice 02 */,
			);
		};
/* End PBXProject section */

/* Begin PBXSourcesBuildPhase section */
		C9A9093429B49C410068A7D6 /* Sources */ = {
			isa = PBXSourcesBuildPhase;
			buildActionMask = 2147483647;
			files = (
				C9A8475429BDB88F00583D21 /* VAO.cpp in Sources */,
				C9A8474B29BDB06A00583D21 /* ShaderClass.cpp in Sources */,
				C9A8475A29BDEFC500583D21 /* stb_image.cpp in Sources */,
				C9A9093C29B49C410068A7D6 /* main.cpp in Sources */,
				C9A8477F29BE28D900583D21 /* Camera.cpp in Sources */,
				C9A9094C29B4AD780068A7D6 /* glad.c in Sources */,
				C9A8477A29BE064100583D21 /* Texture.cpp in Sources */,
				C9A8475129BDB69E00583D21 /* EBO.cpp in Sources */,
				C9A8474E29BDB4F500583D21 /* VBO.cpp in Sources */,
			);
			runOnlyForDeploymentPostprocessing = 0;
		};
/* End PBXSourcesBuildPhase section */

/* Begin XCBuildConfiguration section */
		C9A9093D29B49C410068A7D6 /* Debug */ = {
			isa = XCBuildConfiguration;
			buildSettings = {
				ALWAYS_SEARCH_USER_PATHS = NO;
				CLANG_ANALYZER_NONNULL = YES;
				CLANG_ANALYZER_NUMBER_OBJECT_CONVERSION = YES_AGGRESSIVE;
				CLANG_CXX_LANGUAGE_STANDARD = "gnu++20";
				CLANG_ENABLE_MODULES = YES;
				CLANG_ENABLE_OBJC_ARC = YES;
				CLANG_ENABLE_OBJC_WEAK = YES;
				CLANG_WARN_BLOCK_CAPTURE_AUTORELEASING = YES;
				CLANG_WARN_BOOL_CONVERSION = YES;
				CLANG_WARN_COMMA = YES;
				CLANG_WARN_CONSTANT_CONVERSION = YES;
				CLANG_WARN_DEPRECATED_OBJC_IMPLEMENTATIONS = YES;
				CLANG_WARN_DIRECT_OBJC_ISA_USAGE = YES_ERROR;
				CLANG_WARN_DOCUMENTATION_COMMENTS = YES;
				CLANG_WARN_EMPTY_BODY = YES;
				CLANG_WARN_ENUM_CONVERSION = YES;
				CLANG_WARN_INFINITE_RECURSION = YES;
				CLANG_WARN_INT_CONVERSION = YES;
				CLANG_WARN_NON_LITERAL_NULL_CONVERSION = YES;
				CLANG_WARN_OBJC_IMPLICIT_RETAIN_SELF = YES;
				CLANG_WARN_OBJC_LITERAL_CONVERSION = YES;
				CLANG_WARN_OBJC_ROOT_CLASS = YES_ERROR;
				CLANG_WARN_QUOTED_INCLUDE_IN_FRAMEWORK_HEADER = YES;
				CLANG_WARN_RANGE_LOOP_ANALYSIS = YES;
				CLANG_WARN_STRICT_PROTOTYPES = YES;
				CLANG_WARN_SUSPICIOUS_MOVE = YES;
				CLANG_WARN_UNGUARDED_AVAILABILITY = YES_AGGRESSIVE;
				CLANG_WARN_UNREACHABLE_CODE = YES;
				CLANG_WARN__DUPLICATE_METHOD_MATCH = YES;
				COPY_PHASE_STRIP = NO;
				DEBUG_INFORMATION_FORMAT = dwarf;
				ENABLE_STRICT_OBJC_MSGSEND = YES;
				ENABLE_TESTABILITY = YES;
				GCC_C_LANGUAGE_STANDARD = gnu11;
				GCC_DYNAMIC_NO_PIC = NO;
				GCC_NO_COMMON_BLOCKS = YES;
				GCC_OPTIMIZATION_LEVEL = 0;
				GCC_PREPROCESSOR_DEFINITIONS = (
					"DEBUG=1",
					"$(inherited)",
				);
				GCC_WARN_64_TO_32_BIT_CONVERSION = YES;
				GCC_WARN_ABOUT_RETURN_TYPE = YES_ERROR;
				GCC_WARN_UNDECLARED_SELECTOR = YES;
				GCC_WARN_UNINITIALIZED_AUTOS = YES_AGGRESSIVE;
				GCC_WARN_UNUSED_FUNCTION = YES;
				GCC_WARN_UNUSED_VARIABLE = YES;
				MACOSX_DEPLOYMENT_TARGET = 13.1;
				MTL_ENABLE_DEBUG_INFO = INCLUDE_SOURCE;
				MTL_FAST_MATH = YES;
				ONLY_ACTIVE_ARCH = YES;
				SDKROOT = macosx;
			};
			name = Debug;
		};
		C9A9093E29B49C410068A7D6 /* Release */ = {
			isa = XCBuildConfiguration;
			buildSettings = {
				ALWAYS_SEARCH_USER_PATHS = NO;
				CLANG_ANALYZER_NONNULL = YES;
				CLANG_ANALYZER_NUMBER_OBJECT_CONVERSION = YES_AGGRESSIVE;
				CLANG_CXX_LANGUAGE_STANDARD = "gnu++20";
				CLANG_ENABLE_MODULES = YES;
				CLANG_ENABLE_OBJC_ARC = YES;
				CLANG_ENABLE_OBJC_WEAK = YES;
				CLANG_WARN_BLOCK_CAPTURE_AUTORELEASING = YES;
				CLANG_WARN_BOOL_CONVERSION = YES;
				CLANG_WARN_COMMA = YES;
				CLANG_WARN_CONSTANT_CONVERSION = YES;
				CLANG_WARN_DEPRECATED_OBJC_IMPLEMENTATIONS = YES;
				CLANG_WARN_DIRECT_OBJC_ISA_USAGE = YES_ERROR;
				CLANG_WARN_DOCUMENTATION_COMMENTS = YES;
				CLANG_WARN_EMPTY_BODY = YES;
				CLANG_WARN_ENUM_CONVERSION = YES;
				CLANG_WARN_INFINITE_RECURSION = YES;
				CLANG_WARN_INT_CONVERSION = YES;
				CLANG_WARN_NON_LITERAL_NULL_CONVERSION = YES;
				CLANG_WARN_OBJC_IMPLICIT_RETAIN_SELF = YES;
				CLANG_WARN_OBJC_LITERAL_CONVERSION = YES;
				CLANG_WARN_OBJC_ROOT_CLASS = YES_ERROR;
				CLANG_WARN_QUOTED_INCLUDE_IN_FRAMEWORK_HEADER = YES;
				CLANG_WARN_RANGE_LOOP_ANALYSIS = YES;
				CLANG_WARN_STRICT_PROTOTYPES = YES;
				CLANG_WARN_SUSPICIOUS_MOVE = YES;
				CLANG_WARN_UNGUARDED_AVAILABILITY = YES_AGGRESSIVE;
				CLANG_WARN_UNREACHABLE_CODE = YES;
				CLANG_WARN__DUPLICATE_METHOD_MATCH = YES;
				COPY_PHASE_STRIP = NO;
				DEBUG_INFORMATION_FORMAT = "dwarf-with-dsym";
				ENABLE_NS_ASSERTIONS = NO;
				ENABLE_STRICT_OBJC_MSGSEND = YES;
				GCC_C_LANGUAGE_STANDARD = gnu11;
				GCC_NO_COMMON_BLOCKS = YES;
				GCC_WARN_64_TO_32_BIT_CONVERSION = YES;
				GCC_WARN_ABOUT_RETURN_TYPE = YES_ERROR;
				GCC_WARN_UNDECLARED_SELECTOR = YES;
				GCC_WARN_UNINITIALIZED_AUTOS = YES_AGGRESSIVE;
				GCC_WARN_UNUSED_FUNCTION = YES;
				GCC_WARN_UNUSED_VARIABLE = YES;
				MACOSX_DEPLOYMENT_TARGET = 13.1;
				MTL_ENABLE_DEBUG_INFO = NO;
				MTL_FAST_MATH = YES;
				SDKROOT = macosx;
			};
			name = Release;
		};
		C9A9094029B49C410068A7D6 /* Debug */ = {
			isa = XCBuildConfiguration;
			buildSettings = {
				CODE_SIGN_ENTITLEMENTS = "Practice 02/OpenGLPracticeDebug.entitlements";
				"CODE_SIGN_IDENTITY[sdk=macosx*]" = "Apple Development";
				CODE_SIGN_STYLE = Automatic;
				DEVELOPMENT_TEAM = KH267NN4QM;
				ENABLE_HARDENED_RUNTIME = NO;
				HEADER_SEARCH_PATHS = (
					/usr/local/Cellar/glfw/3.3.8/include,
					/usr/local/Cellar/glm/0.9.9.8/include,
				);
				LIBRARY_SEARCH_PATHS = (
					"$(inherited)",
					/usr/local/Cellar/glfw/3.3.8/lib,
				);
				PRODUCT_NAME = "$(TARGET_NAME)";
			};
			name = Debug;
		};
		C9A9094129B49C410068A7D6 /* Release */ = {
			isa = XCBuildConfiguration;
			buildSettings = {
				CODE_SIGN_ENTITLEMENTS = "Practice 02/OpenGLPracticeDebug.entitlements";
				"CODE_SIGN_IDENTITY[sdk=macosx*]" = "Apple Development";
				CODE_SIGN_STYLE = Automatic;
				DEVELOPMENT_TEAM = KH267NN4QM;
				ENABLE_HARDENED_RUNTIME = NO;
				LIBRARY_SEARCH_PATHS = (
					"$(inherited)",
					/usr/local/Cellar/glfw/3.3.8/lib,
				);
				PRODUCT_NAME = "$(TARGET_NAME)";
			};
			name = Release;
		};
/* End XCBuildConfiguration section */

/* Begin XCConfigurationList section */
		C9A9093329B49C410068A7D6 /* Build configuration list for PBXProject "Practice 02" */ = {
			isa = XCConfigurationList;
			buildConfigurations = (
				C9A9093D29B49C410068A7D6 /* Debug */,
				C9A9093E29B49C410068A7D6 /* Release */,
			);
			defaultConfigurationIsVisible = 0;
			defaultConfigurationName = Debug;
		};
		C9A9093F29B49C410068A7D6 /* Build configuration list for PBXNativeTarget "Practice 02" */ = {
			isa = XCConfigurationList;
			buildConfigurations = (
				C9A9094029B49C410068A7D6 /* Debug */,
				C9A9094129B49C410068A7D6 /* Release */,
			);
			defaultConfigurationIsVisible = 0;
			defaultConfigurationName = Debug;
		};
/* End XCConfigurationList section */
	};
	rootObject = C9A9093029B49C410068A7D6 /* Project object */;
}
